
Microsoft Visual Studio Solution File, Format Version 12.00
# Visual Studio Version 17
VisualStudioVersion = 17.9.34902.65
MinimumVisualStudioVersion = 10.0.40219.1
Project("{9A19103F-16F7-4668-BE54-9A1E7A4F7556}") = "CommunityEventPlanner.Server", "CommunityEventPlanner.Server\CommunityEventPlanner.Server.csproj", "{706727FA-3B68-43AB-AF06-1CB09473B05B}"
EndProject
Project("{9A19103F-16F7-4668-BE54-9A1E7A4F7556}") = "CommunityEventPlanner.Client", "CommunityEventPlanner.Client\CommunityEventPlanner.Client.csproj", "{6BB84777-E7A6-48F2-B0FA-7D915F3F5B44}"
EndProject
Global
	GlobalSection(SolutionConfigurationPlatforms) = preSolution
		Debug|Any CPU = Debug|Any CPU
		Release|Any CPU = Release|Any CPU
	EndGlobalSection
	GlobalSection(ProjectConfigurationPlatforms) = postSolution
		{706727FA-3B68-43AB-AF06-1CB09473B05B}.Debug|Any CPU.ActiveCfg = Debug|Any CPU
		{706727FA-3B68-43AB-AF06-1CB09473B05B}.Debug|Any CPU.Build.0 = Debug|Any CPU
		{706727FA-3B68-43AB-AF06-1CB09473B05B}.Release|Any CPU.ActiveCfg = Release|Any CPU
		{706727FA-3B68-43AB-AF06-1CB09473B05B}.Release|Any CPU.Build.0 = Release|Any CPU
		{6BB84777-E7A6-48F2-B0FA-7D915F3F5B44}.Debug|Any CPU.ActiveCfg = Debug|Any CPU
		{6BB84777-E7A6-48F2-B0FA-7D915F3F5B44}.Debug|Any CPU.Build.0 = Debug|Any CPU
		{6BB84777-E7A6-48F2-B0FA-7D915F3F5B44}.Release|Any CPU.ActiveCfg = Release|Any CPU
		{6BB84777-E7A6-48F2-B0FA-7D915F3F5B44}.Release|Any CPU.Build.0 = Release|Any CPU
	EndGlobalSection
	GlobalSection(SolutionProperties) = preSolution
		HideSolutionNode = FALSE
	EndGlobalSection
	GlobalSection(ExtensibilityGlobals) = postSolution
		SolutionGuid = {8C67093E-E0DC-4FCF-9A51-C5769BD8F96A}
	EndGlobalSection
EndGlobal
